// !$*UTF8*$!
{
	archiveVersion = 1;
	classes = {
	};
	objectVersion = 56;
	objects = {

/* Begin PBXBuildFile section */
		680373882A78E17200AB108E /* DataController.swift in Sources */ = {isa = PBXBuildFile; fileRef = 680373872A78E17200AB108E /* DataController.swift */; };
		6803738E2A78E31400AB108E /* MetaData.xcdatamodeld in Sources */ = {isa = PBXBuildFile; fileRef = 6803738C2A78E31400AB108E /* MetaData.xcdatamodeld */; };
		6803739C2A78E43400AB108E /* Category+CoreDataClass.swift in Sources */ = {isa = PBXBuildFile; fileRef = 680373982A78E43400AB108E /* Category+CoreDataClass.swift */; };
		6803739D2A78E43400AB108E /* Category+CoreDataProperties.swift in Sources */ = {isa = PBXBuildFile; fileRef = 680373992A78E43400AB108E /* Category+CoreDataProperties.swift */; };
		6803739E2A78E43400AB108E /* Subscription+CoreDataClass.swift in Sources */ = {isa = PBXBuildFile; fileRef = 6803739A2A78E43400AB108E /* Subscription+CoreDataClass.swift */; };
		6803739F2A78E43400AB108E /* Subscription+CoreDataProperties.swift in Sources */ = {isa = PBXBuildFile; fileRef = 6803739B2A78E43400AB108E /* Subscription+CoreDataProperties.swift */; };
		680373A12A78E6CB00AB108E /* CategoryContentView.swift in Sources */ = {isa = PBXBuildFile; fileRef = 680373A02A78E6CB00AB108E /* CategoryContentView.swift */; };
		68469A042A731544002116FC /* videos-api.json in Resources */ = {isa = PBXBuildFile; fileRef = 68469A032A731544002116FC /* videos-api.json */; };
		68469A072A7315C3002116FC /* YTVideosSearch.swift in Sources */ = {isa = PBXBuildFile; fileRef = 68469A062A7315C3002116FC /* YTVideosSearch.swift */; };
		68469A092A731612002116FC /* YTSubscriptions.swift in Sources */ = {isa = PBXBuildFile; fileRef = 68469A082A731612002116FC /* YTSubscriptions.swift */; };
		68469A0C2A731681002116FC /* CatgegorySubscriptionView.swift in Sources */ = {isa = PBXBuildFile; fileRef = 68469A0B2A731681002116FC /* CatgegorySubscriptionView.swift */; };
		68469A0E2A731704002116FC /* SubscriptionListView.swift in Sources */ = {isa = PBXBuildFile; fileRef = 68469A0D2A731704002116FC /* SubscriptionListView.swift */; };
		68469A112A732022002116FC /* VideoItemView.swift in Sources */ = {isa = PBXBuildFile; fileRef = 68469A102A732022002116FC /* VideoItemView.swift */; };
		68469A132A7322D1002116FC /* VideoListItemView.swift in Sources */ = {isa = PBXBuildFile; fileRef = 68469A122A7322D1002116FC /* VideoListItemView.swift */; };
		68469A162A734182002116FC /* subscription-api-backup.json in Resources */ = {isa = PBXBuildFile; fileRef = 68469A152A734182002116FC /* subscription-api-backup.json */; };
		68469A182A735E38002116FC /* user-categories.json in Resources */ = {isa = PBXBuildFile; fileRef = 68469A172A735E38002116FC /* user-categories.json */; };
		68469A1A2A735F69002116FC /* user-categories-template.json in Resources */ = {isa = PBXBuildFile; fileRef = 68469A192A735F69002116FC /* user-categories-template.json */; };
		68469A232A74622E002116FC /* categories-simple-test-data.json in Resources */ = {isa = PBXBuildFile; fileRef = 68469A222A74622E002116FC /* categories-simple-test-data.json */; };
		68469A252A74ADE0002116FC /* AddSubsToCategory.swift in Sources */ = {isa = PBXBuildFile; fileRef = 68469A242A74ADE0002116FC /* AddSubsToCategory.swift */; };
		68D954CF2A7221FD0096D15A /* ManageSubscriptionsApp.swift in Sources */ = {isa = PBXBuildFile; fileRef = 68D954CE2A7221FD0096D15A /* ManageSubscriptionsApp.swift */; };
		68D954D12A7221FD0096D15A /* ContentView.swift in Sources */ = {isa = PBXBuildFile; fileRef = 68D954D02A7221FD0096D15A /* ContentView.swift */; };
		68D954D32A7221FE0096D15A /* Assets.xcassets in Resources */ = {isa = PBXBuildFile; fileRef = 68D954D22A7221FE0096D15A /* Assets.xcassets */; };
		68D954D72A7221FE0096D15A /* Preview Assets.xcassets in Resources */ = {isa = PBXBuildFile; fileRef = 68D954D62A7221FE0096D15A /* Preview Assets.xcassets */; };
		68D954E12A7221FE0096D15A /* ManageSubscriptionsTests.swift in Sources */ = {isa = PBXBuildFile; fileRef = 68D954E02A7221FE0096D15A /* ManageSubscriptionsTests.swift */; };
		68D954EB2A7221FE0096D15A /* ManageSubscriptionsUITests.swift in Sources */ = {isa = PBXBuildFile; fileRef = 68D954EA2A7221FE0096D15A /* ManageSubscriptionsUITests.swift */; };
		68D954ED2A7221FE0096D15A /* ManageSubscriptionsUITestsLaunchTests.swift in Sources */ = {isa = PBXBuildFile; fileRef = 68D954EC2A7221FE0096D15A /* ManageSubscriptionsUITestsLaunchTests.swift */; };
		68D955032A722A1E0096D15A /* SubscriptionsView.swift in Sources */ = {isa = PBXBuildFile; fileRef = 68D955022A722A1E0096D15A /* SubscriptionsView.swift */; };
		68D955052A722A3C0096D15A /* CategoriesView.swift in Sources */ = {isa = PBXBuildFile; fileRef = 68D955042A722A3C0096D15A /* CategoriesView.swift */; };
		68D955072A722A490096D15A /* VideosView.swift in Sources */ = {isa = PBXBuildFile; fileRef = 68D955062A722A490096D15A /* VideosView.swift */; };
		68D955092A722A620096D15A /* SettingsView.swift in Sources */ = {isa = PBXBuildFile; fileRef = 68D955082A722A620096D15A /* SettingsView.swift */; };
		68D9550B2A722A6D0096D15A /* UserProfileView.swift in Sources */ = {isa = PBXBuildFile; fileRef = 68D9550A2A722A6D0096D15A /* UserProfileView.swift */; };
		68D9550D2A722A820096D15A /* MainView.swift in Sources */ = {isa = PBXBuildFile; fileRef = 68D9550C2A722A820096D15A /* MainView.swift */; };
		68D955102A723D180096D15A /* CategoryCoverImageView.swift in Sources */ = {isa = PBXBuildFile; fileRef = 68D9550F2A723D180096D15A /* CategoryCoverImageView.swift */; };
		68D955132A723EA30096D15A /* Color.swift in Sources */ = {isa = PBXBuildFile; fileRef = 68D955122A723EA30096D15A /* Color.swift */; };
		68D955162A7240570096D15A /* categories.json in Resources */ = {isa = PBXBuildFile; fileRef = 68D955152A7240570096D15A /* categories.json */; };
		68D955182A7241460096D15A /* CodableBundleExtension.swift in Sources */ = {isa = PBXBuildFile; fileRef = 68D955172A7241460096D15A /* CodableBundleExtension.swift */; };
		68D9551B2A72417E0096D15A /* CategoryModel.swift in Sources */ = {isa = PBXBuildFile; fileRef = 68D9551A2A72417E0096D15A /* CategoryModel.swift */; };
		68D9551E2A7246690096D15A /* CategoryItemView.swift in Sources */ = {isa = PBXBuildFile; fileRef = 68D9551D2A7246690096D15A /* CategoryItemView.swift */; };
		68D955202A724EA50096D15A /* subscription-api.json in Resources */ = {isa = PBXBuildFile; fileRef = 68D9551F2A724EA50096D15A /* subscription-api.json */; };
		68D955222A72556A0096D15A /* categories copy.json in Resources */ = {isa = PBXBuildFile; fileRef = 68D955212A72556A0096D15A /* categories copy.json */; };
		68D955252A72FE960096D15A /* SubscriptionItemView.swift in Sources */ = {isa = PBXBuildFile; fileRef = 68D955242A72FE960096D15A /* SubscriptionItemView.swift */; };
		68D955272A7303220096D15A /* CategoryCoverItemView.swift in Sources */ = {isa = PBXBuildFile; fileRef = 68D955262A7303220096D15A /* CategoryCoverItemView.swift */; };
		68DB12C52A79C4F500A11F76 /* CommonFunctions.swift in Sources */ = {isa = PBXBuildFile; fileRef = 68DB12C42A79C4F500A11F76 /* CommonFunctions.swift */; };
/* End PBXBuildFile section */

/* Begin PBXContainerItemProxy section */
		68D954DD2A7221FE0096D15A /* PBXContainerItemProxy */ = {
			isa = PBXContainerItemProxy;
			containerPortal = 68D954C32A7221FD0096D15A /* Project object */;
			proxyType = 1;
			remoteGlobalIDString = 68D954CA2A7221FD0096D15A;
			remoteInfo = ManageSubscriptions;
		};
		68D954E72A7221FE0096D15A /* PBXContainerItemProxy */ = {
			isa = PBXContainerItemProxy;
			containerPortal = 68D954C32A7221FD0096D15A /* Project object */;
			proxyType = 1;
			remoteGlobalIDString = 68D954CA2A7221FD0096D15A;
			remoteInfo = ManageSubscriptions;
		};
/* End PBXContainerItemProxy section */

/* Begin PBXFileReference section */
		680373872A78E17200AB108E /* DataController.swift */ = {isa = PBXFileReference; lastKnownFileType = sourcecode.swift; path = DataController.swift; sourceTree = "<group>"; };
		6803738D2A78E31400AB108E /* MetaData.xcdatamodel */ = {isa = PBXFileReference; lastKnownFileType = wrapper.xcdatamodel; path = MetaData.xcdatamodel; sourceTree = "<group>"; };
		680373982A78E43400AB108E /* Category+CoreDataClass.swift */ = {isa = PBXFileReference; lastKnownFileType = sourcecode.swift; name = "Category+CoreDataClass.swift"; path = "ManageSubscriptions/DataModel/Category+CoreDataClass.swift"; sourceTree = "<group>"; };
		680373992A78E43400AB108E /* Category+CoreDataProperties.swift */ = {isa = PBXFileReference; lastKnownFileType = sourcecode.swift; name = "Category+CoreDataProperties.swift"; path = "ManageSubscriptions/DataModel/Category+CoreDataProperties.swift"; sourceTree = "<group>"; };
		6803739A2A78E43400AB108E /* Subscription+CoreDataClass.swift */ = {isa = PBXFileReference; lastKnownFileType = sourcecode.swift; name = "Subscription+CoreDataClass.swift"; path = "ManageSubscriptions/DataModel/Subscription+CoreDataClass.swift"; sourceTree = "<group>"; };
		6803739B2A78E43400AB108E /* Subscription+CoreDataProperties.swift */ = {isa = PBXFileReference; lastKnownFileType = sourcecode.swift; name = "Subscription+CoreDataProperties.swift"; path = "ManageSubscriptions/DataModel/Subscription+CoreDataProperties.swift"; sourceTree = "<group>"; };
		680373A02A78E6CB00AB108E /* CategoryContentView.swift */ = {isa = PBXFileReference; lastKnownFileType = sourcecode.swift; path = CategoryContentView.swift; sourceTree = "<group>"; };
		68469A032A731544002116FC /* videos-api.json */ = {isa = PBXFileReference; lastKnownFileType = text.json; path = "videos-api.json"; sourceTree = "<group>"; };
		68469A062A7315C3002116FC /* YTVideosSearch.swift */ = {isa = PBXFileReference; lastKnownFileType = sourcecode.swift; path = YTVideosSearch.swift; sourceTree = "<group>"; };
		68469A082A731612002116FC /* YTSubscriptions.swift */ = {isa = PBXFileReference; lastKnownFileType = sourcecode.swift; path = YTSubscriptions.swift; sourceTree = "<group>"; };
		68469A0B2A731681002116FC /* CatgegorySubscriptionView.swift */ = {isa = PBXFileReference; lastKnownFileType = sourcecode.swift; path = CatgegorySubscriptionView.swift; sourceTree = "<group>"; };
		68469A0D2A731704002116FC /* SubscriptionListView.swift */ = {isa = PBXFileReference; lastKnownFileType = sourcecode.swift; path = SubscriptionListView.swift; sourceTree = "<group>"; };
		68469A102A732022002116FC /* VideoItemView.swift */ = {isa = PBXFileReference; lastKnownFileType = sourcecode.swift; path = VideoItemView.swift; sourceTree = "<group>"; };
		68469A122A7322D1002116FC /* VideoListItemView.swift */ = {isa = PBXFileReference; lastKnownFileType = sourcecode.swift; path = VideoListItemView.swift; sourceTree = "<group>"; };
		68469A152A734182002116FC /* subscription-api-backup.json */ = {isa = PBXFileReference; lastKnownFileType = text.json; path = "subscription-api-backup.json"; sourceTree = "<group>"; };
		68469A172A735E38002116FC /* user-categories.json */ = {isa = PBXFileReference; lastKnownFileType = text.json; path = "user-categories.json"; sourceTree = "<group>"; };
		68469A192A735F69002116FC /* user-categories-template.json */ = {isa = PBXFileReference; lastKnownFileType = text.json; path = "user-categories-template.json"; sourceTree = "<group>"; };
		68469A222A74622E002116FC /* categories-simple-test-data.json */ = {isa = PBXFileReference; lastKnownFileType = text.json; path = "categories-simple-test-data.json"; sourceTree = "<group>"; };
		68469A242A74ADE0002116FC /* AddSubsToCategory.swift */ = {isa = PBXFileReference; lastKnownFileType = sourcecode.swift; path = AddSubsToCategory.swift; sourceTree = "<group>"; };
		68D954CB2A7221FD0096D15A /* ManageSubscriptions.app */ = {isa = PBXFileReference; explicitFileType = wrapper.application; includeInIndex = 0; path = ManageSubscriptions.app; sourceTree = BUILT_PRODUCTS_DIR; };
		68D954CE2A7221FD0096D15A /* ManageSubscriptionsApp.swift */ = {isa = PBXFileReference; lastKnownFileType = sourcecode.swift; path = ManageSubscriptionsApp.swift; sourceTree = "<group>"; };
		68D954D02A7221FD0096D15A /* ContentView.swift */ = {isa = PBXFileReference; lastKnownFileType = sourcecode.swift; path = ContentView.swift; sourceTree = "<group>"; };
		68D954D22A7221FE0096D15A /* Assets.xcassets */ = {isa = PBXFileReference; lastKnownFileType = folder.assetcatalog; path = Assets.xcassets; sourceTree = "<group>"; };
		68D954D42A7221FE0096D15A /* ManageSubscriptions.entitlements */ = {isa = PBXFileReference; lastKnownFileType = text.plist.entitlements; path = ManageSubscriptions.entitlements; sourceTree = "<group>"; };
		68D954D62A7221FE0096D15A /* Preview Assets.xcassets */ = {isa = PBXFileReference; lastKnownFileType = folder.assetcatalog; path = "Preview Assets.xcassets"; sourceTree = "<group>"; };
		68D954DC2A7221FE0096D15A /* ManageSubscriptionsTests.xctest */ = {isa = PBXFileReference; explicitFileType = wrapper.cfbundle; includeInIndex = 0; path = ManageSubscriptionsTests.xctest; sourceTree = BUILT_PRODUCTS_DIR; };
		68D954E02A7221FE0096D15A /* ManageSubscriptionsTests.swift */ = {isa = PBXFileReference; lastKnownFileType = sourcecode.swift; path = ManageSubscriptionsTests.swift; sourceTree = "<group>"; };
		68D954E62A7221FE0096D15A /* ManageSubscriptionsUITests.xctest */ = {isa = PBXFileReference; explicitFileType = wrapper.cfbundle; includeInIndex = 0; path = ManageSubscriptionsUITests.xctest; sourceTree = BUILT_PRODUCTS_DIR; };
		68D954EA2A7221FE0096D15A /* ManageSubscriptionsUITests.swift */ = {isa = PBXFileReference; lastKnownFileType = sourcecode.swift; path = ManageSubscriptionsUITests.swift; sourceTree = "<group>"; };
		68D954EC2A7221FE0096D15A /* ManageSubscriptionsUITestsLaunchTests.swift */ = {isa = PBXFileReference; lastKnownFileType = sourcecode.swift; path = ManageSubscriptionsUITestsLaunchTests.swift; sourceTree = "<group>"; };
		68D955022A722A1E0096D15A /* SubscriptionsView.swift */ = {isa = PBXFileReference; lastKnownFileType = sourcecode.swift; path = SubscriptionsView.swift; sourceTree = "<group>"; };
		68D955042A722A3C0096D15A /* CategoriesView.swift */ = {isa = PBXFileReference; lastKnownFileType = sourcecode.swift; path = CategoriesView.swift; sourceTree = "<group>"; };
		68D955062A722A490096D15A /* VideosView.swift */ = {isa = PBXFileReference; lastKnownFileType = sourcecode.swift; path = VideosView.swift; sourceTree = "<group>"; };
		68D955082A722A620096D15A /* SettingsView.swift */ = {isa = PBXFileReference; lastKnownFileType = sourcecode.swift; path = SettingsView.swift; sourceTree = "<group>"; };
		68D9550A2A722A6D0096D15A /* UserProfileView.swift */ = {isa = PBXFileReference; lastKnownFileType = sourcecode.swift; path = UserProfileView.swift; sourceTree = "<group>"; };
		68D9550C2A722A820096D15A /* MainView.swift */ = {isa = PBXFileReference; lastKnownFileType = sourcecode.swift; path = MainView.swift; sourceTree = "<group>"; };
		68D9550E2A7237BE0096D15A /* Info.plist */ = {isa = PBXFileReference; lastKnownFileType = text.plist; path = Info.plist; sourceTree = "<group>"; };
		68D9550F2A723D180096D15A /* CategoryCoverImageView.swift */ = {isa = PBXFileReference; lastKnownFileType = sourcecode.swift; path = CategoryCoverImageView.swift; sourceTree = "<group>"; };
		68D955122A723EA30096D15A /* Color.swift */ = {isa = PBXFileReference; lastKnownFileType = sourcecode.swift; path = Color.swift; sourceTree = "<group>"; };
		68D955152A7240570096D15A /* categories.json */ = {isa = PBXFileReference; fileEncoding = 4; lastKnownFileType = text.json; path = categories.json; sourceTree = "<group>"; };
		68D955172A7241460096D15A /* CodableBundleExtension.swift */ = {isa = PBXFileReference; lastKnownFileType = sourcecode.swift; path = CodableBundleExtension.swift; sourceTree = "<group>"; };
		68D9551A2A72417E0096D15A /* CategoryModel.swift */ = {isa = PBXFileReference; lastKnownFileType = sourcecode.swift; path = CategoryModel.swift; sourceTree = "<group>"; };
		68D9551D2A7246690096D15A /* CategoryItemView.swift */ = {isa = PBXFileReference; lastKnownFileType = sourcecode.swift; path = CategoryItemView.swift; sourceTree = "<group>"; };
		68D9551F2A724EA50096D15A /* subscription-api.json */ = {isa = PBXFileReference; fileEncoding = 4; lastKnownFileType = text.json; path = "subscription-api.json"; sourceTree = "<group>"; };
		68D955212A72556A0096D15A /* categories copy.json */ = {isa = PBXFileReference; fileEncoding = 4; lastKnownFileType = text.json; path = "categories copy.json"; sourceTree = "<group>"; xcLanguageSpecificationIdentifier = xcode.lang.json; };
		68D955242A72FE960096D15A /* SubscriptionItemView.swift */ = {isa = PBXFileReference; lastKnownFileType = sourcecode.swift; path = SubscriptionItemView.swift; sourceTree = "<group>"; };
		68D955262A7303220096D15A /* CategoryCoverItemView.swift */ = {isa = PBXFileReference; lastKnownFileType = sourcecode.swift; path = CategoryCoverItemView.swift; sourceTree = "<group>"; };
		68DB12C42A79C4F500A11F76 /* CommonFunctions.swift */ = {isa = PBXFileReference; lastKnownFileType = sourcecode.swift; path = CommonFunctions.swift; sourceTree = "<group>"; };
/* End PBXFileReference section */

/* Begin PBXFrameworksBuildPhase section */
		68D954C82A7221FD0096D15A /* Frameworks */ = {
			isa = PBXFrameworksBuildPhase;
			buildActionMask = 2147483647;
			files = (
			);
			runOnlyForDeploymentPostprocessing = 0;
		};
		68D954D92A7221FE0096D15A /* Frameworks */ = {
			isa = PBXFrameworksBuildPhase;
			buildActionMask = 2147483647;
			files = (
			);
			runOnlyForDeploymentPostprocessing = 0;
		};
		68D954E32A7221FE0096D15A /* Frameworks */ = {
			isa = PBXFrameworksBuildPhase;
			buildActionMask = 2147483647;
			files = (
			);
			runOnlyForDeploymentPostprocessing = 0;
		};
/* End PBXFrameworksBuildPhase section */

/* Begin PBXGroup section */
		680373862A78E14D00AB108E /* Controller */ = {
			isa = PBXGroup;
			children = (
				680373872A78E17200AB108E /* DataController.swift */,
			);
			path = Controller;
			sourceTree = "<group>";
		};
		6803738F2A78E3E200AB108E /* DataModel */ = {
			isa = PBXGroup;
			children = (
			);
			path = DataModel;
			sourceTree = "<group>";
		};
		68469A052A731577002116FC /* api */ = {
			isa = PBXGroup;
			children = (
				68469A062A7315C3002116FC /* YTVideosSearch.swift */,
				68469A082A731612002116FC /* YTSubscriptions.swift */,
			);
			path = api;
			sourceTree = "<group>";
		};
		68469A0F2A732006002116FC /* Video */ = {
			isa = PBXGroup;
			children = (
				68469A102A732022002116FC /* VideoItemView.swift */,
				68469A122A7322D1002116FC /* VideoListItemView.swift */,
			);
			path = Video;
			sourceTree = "<group>";
		};
		68469A212A74620D002116FC /* backup */ = {
			isa = PBXGroup;
			children = (
				68469A222A74622E002116FC /* categories-simple-test-data.json */,
			);
			path = backup;
			sourceTree = "<group>";
		};
		68D954C22A7221FD0096D15A = {
			isa = PBXGroup;
			children = (
				680373982A78E43400AB108E /* Category+CoreDataClass.swift */,
				680373992A78E43400AB108E /* Category+CoreDataProperties.swift */,
				6803739A2A78E43400AB108E /* Subscription+CoreDataClass.swift */,
				6803739B2A78E43400AB108E /* Subscription+CoreDataProperties.swift */,
				68D954CD2A7221FD0096D15A /* ManageSubscriptions */,
				68D954DF2A7221FE0096D15A /* ManageSubscriptionsTests */,
				68D954E92A7221FE0096D15A /* ManageSubscriptionsUITests */,
				68D954CC2A7221FD0096D15A /* Products */,
			);
			sourceTree = "<group>";
		};
		68D954CC2A7221FD0096D15A /* Products */ = {
			isa = PBXGroup;
			children = (
				68D954CB2A7221FD0096D15A /* ManageSubscriptions.app */,
				68D954DC2A7221FE0096D15A /* ManageSubscriptionsTests.xctest */,
				68D954E62A7221FE0096D15A /* ManageSubscriptionsUITests.xctest */,
			);
			name = Products;
			sourceTree = "<group>";
		};
		68D954CD2A7221FD0096D15A /* ManageSubscriptions */ = {
			isa = PBXGroup;
			children = (
				6803738F2A78E3E200AB108E /* DataModel */,
				680373862A78E14D00AB108E /* Controller */,
				68D955112A723E940096D15A /* Utility */,
				68D9550E2A7237BE0096D15A /* Info.plist */,
				68D954FC2A7223060096D15A /* Shared */,
				68D954FB2A7222FF0096D15A /* VIews */,
				68D954FA2A7222F30096D15A /* Models */,
				68D954F92A7222EA0096D15A /* App */,
				68D954D22A7221FE0096D15A /* Assets.xcassets */,
				68D954D42A7221FE0096D15A /* ManageSubscriptions.entitlements */,
				68D954D52A7221FE0096D15A /* Preview Content */,
				6803738C2A78E31400AB108E /* MetaData.xcdatamodeld */,
			);
			path = ManageSubscriptions;
			sourceTree = "<group>";
		};
		68D954D52A7221FE0096D15A /* Preview Content */ = {
			isa = PBXGroup;
			children = (
				68D954D62A7221FE0096D15A /* Preview Assets.xcassets */,
			);
			path = "Preview Content";
			sourceTree = "<group>";
		};
		68D954DF2A7221FE0096D15A /* ManageSubscriptionsTests */ = {
			isa = PBXGroup;
			children = (
				68D954E02A7221FE0096D15A /* ManageSubscriptionsTests.swift */,
			);
			path = ManageSubscriptionsTests;
			sourceTree = "<group>";
		};
		68D954E92A7221FE0096D15A /* ManageSubscriptionsUITests */ = {
			isa = PBXGroup;
			children = (
				68D954EA2A7221FE0096D15A /* ManageSubscriptionsUITests.swift */,
				68D954EC2A7221FE0096D15A /* ManageSubscriptionsUITestsLaunchTests.swift */,
			);
			path = ManageSubscriptionsUITests;
			sourceTree = "<group>";
		};
		68D954F92A7222EA0096D15A /* App */ = {
			isa = PBXGroup;
			children = (
				68D954CE2A7221FD0096D15A /* ManageSubscriptionsApp.swift */,
				68D954D02A7221FD0096D15A /* ContentView.swift */,
				68D955022A722A1E0096D15A /* SubscriptionsView.swift */,
				68D955042A722A3C0096D15A /* CategoriesView.swift */,
				68D955062A722A490096D15A /* VideosView.swift */,
				68D955082A722A620096D15A /* SettingsView.swift */,
				68D9550A2A722A6D0096D15A /* UserProfileView.swift */,
				68D9550C2A722A820096D15A /* MainView.swift */,
				680373A02A78E6CB00AB108E /* CategoryContentView.swift */,
			);
			path = App;
			sourceTree = "<group>";
		};
		68D954FA2A7222F30096D15A /* Models */ = {
			isa = PBXGroup;
			children = (
				68469A052A731577002116FC /* api */,
				68D9551A2A72417E0096D15A /* CategoryModel.swift */,
			);
			path = Models;
			sourceTree = "<group>";
		};
		68D954FB2A7222FF0096D15A /* VIews */ = {
			isa = PBXGroup;
			children = (
				68469A0F2A732006002116FC /* Video */,
				68D955232A72FE720096D15A /* Subscription */,
				68D9551C2A7243D50096D15A /* Category */,
			);
			path = VIews;
			sourceTree = "<group>";
		};
		68D954FC2A7223060096D15A /* Shared */ = {
			isa = PBXGroup;
			children = (
				68D955142A723F930096D15A /* AppData */,
				68D954FD2A72230C0096D15A /* DummyData */,
			);
			path = Shared;
			sourceTree = "<group>";
		};
		68D954FD2A72230C0096D15A /* DummyData */ = {
			isa = PBXGroup;
			children = (
				68469A212A74620D002116FC /* backup */,
				68D955212A72556A0096D15A /* categories copy.json */,
				68D9551F2A724EA50096D15A /* subscription-api.json */,
				68469A032A731544002116FC /* videos-api.json */,
				68D955152A7240570096D15A /* categories.json */,
				68469A152A734182002116FC /* subscription-api-backup.json */,
			);
			path = DummyData;
			sourceTree = "<group>";
		};
		68D955112A723E940096D15A /* Utility */ = {
			isa = PBXGroup;
			children = (
				68D955122A723EA30096D15A /* Color.swift */,
				68D955172A7241460096D15A /* CodableBundleExtension.swift */,
				68DB12C42A79C4F500A11F76 /* CommonFunctions.swift */,
			);
			path = Utility;
			sourceTree = "<group>";
		};
		68D955142A723F930096D15A /* AppData */ = {
			isa = PBXGroup;
			children = (
				68469A172A735E38002116FC /* user-categories.json */,
				68469A192A735F69002116FC /* user-categories-template.json */,
			);
			path = AppData;
			sourceTree = "<group>";
		};
		68D9551C2A7243D50096D15A /* Category */ = {
			isa = PBXGroup;
			children = (
				68D9550F2A723D180096D15A /* CategoryCoverImageView.swift */,
				68D955262A7303220096D15A /* CategoryCoverItemView.swift */,
				68D9551D2A7246690096D15A /* CategoryItemView.swift */,
				68469A242A74ADE0002116FC /* AddSubsToCategory.swift */,
			);
			path = Category;
			sourceTree = "<group>";
		};
		68D955232A72FE720096D15A /* Subscription */ = {
			isa = PBXGroup;
			children = (
				68D955242A72FE960096D15A /* SubscriptionItemView.swift */,
				68469A0B2A731681002116FC /* CatgegorySubscriptionView.swift */,
				68469A0D2A731704002116FC /* SubscriptionListView.swift */,
			);
			path = Subscription;
			sourceTree = "<group>";
		};
/* End PBXGroup section */

/* Begin PBXNativeTarget section */
		68D954CA2A7221FD0096D15A /* ManageSubscriptions */ = {
			isa = PBXNativeTarget;
			buildConfigurationList = 68D954F02A7221FE0096D15A /* Build configuration list for PBXNativeTarget "ManageSubscriptions" */;
			buildPhases = (
				68D954C72A7221FD0096D15A /* Sources */,
				68D954C82A7221FD0096D15A /* Frameworks */,
				68D954C92A7221FD0096D15A /* Resources */,
			);
			buildRules = (
			);
			dependencies = (
			);
			name = ManageSubscriptions;
			productName = ManageSubscriptions;
			productReference = 68D954CB2A7221FD0096D15A /* ManageSubscriptions.app */;
			productType = "com.apple.product-type.application";
		};
		68D954DB2A7221FE0096D15A /* ManageSubscriptionsTests */ = {
			isa = PBXNativeTarget;
			buildConfigurationList = 68D954F32A7221FE0096D15A /* Build configuration list for PBXNativeTarget "ManageSubscriptionsTests" */;
			buildPhases = (
				68D954D82A7221FE0096D15A /* Sources */,
				68D954D92A7221FE0096D15A /* Frameworks */,
				68D954DA2A7221FE0096D15A /* Resources */,
			);
			buildRules = (
			);
			dependencies = (
				68D954DE2A7221FE0096D15A /* PBXTargetDependency */,
			);
			name = ManageSubscriptionsTests;
			productName = ManageSubscriptionsTests;
			productReference = 68D954DC2A7221FE0096D15A /* ManageSubscriptionsTests.xctest */;
			productType = "com.apple.product-type.bundle.unit-test";
		};
		68D954E52A7221FE0096D15A /* ManageSubscriptionsUITests */ = {
			isa = PBXNativeTarget;
			buildConfigurationList = 68D954F62A7221FE0096D15A /* Build configuration list for PBXNativeTarget "ManageSubscriptionsUITests" */;
			buildPhases = (
				68D954E22A7221FE0096D15A /* Sources */,
				68D954E32A7221FE0096D15A /* Frameworks */,
				68D954E42A7221FE0096D15A /* Resources */,
			);
			buildRules = (
			);
			dependencies = (
				68D954E82A7221FE0096D15A /* PBXTargetDependency */,
			);
			name = ManageSubscriptionsUITests;
			productName = ManageSubscriptionsUITests;
			productReference = 68D954E62A7221FE0096D15A /* ManageSubscriptionsUITests.xctest */;
			productType = "com.apple.product-type.bundle.ui-testing";
		};
/* End PBXNativeTarget section */

/* Begin PBXProject section */
		68D954C32A7221FD0096D15A /* Project object */ = {
			isa = PBXProject;
			attributes = {
				BuildIndependentTargetsInParallel = 1;
				LastSwiftUpdateCheck = 1420;
				LastUpgradeCheck = 1420;
				TargetAttributes = {
					68D954CA2A7221FD0096D15A = {
						CreatedOnToolsVersion = 14.2;
					};
					68D954DB2A7221FE0096D15A = {
						CreatedOnToolsVersion = 14.2;
						TestTargetID = 68D954CA2A7221FD0096D15A;
					};
					68D954E52A7221FE0096D15A = {
						CreatedOnToolsVersion = 14.2;
						TestTargetID = 68D954CA2A7221FD0096D15A;
					};
				};
			};
			buildConfigurationList = 68D954C62A7221FD0096D15A /* Build configuration list for PBXProject "ManageSubscriptions" */;
			compatibilityVersion = "Xcode 14.0";
			developmentRegion = en;
			hasScannedForEncodings = 0;
			knownRegions = (
				en,
				Base,
			);
			mainGroup = 68D954C22A7221FD0096D15A;
			productRefGroup = 68D954CC2A7221FD0096D15A /* Products */;
			projectDirPath = "";
			projectRoot = "";
			targets = (
				68D954CA2A7221FD0096D15A /* ManageSubscriptions */,
				68D954DB2A7221FE0096D15A /* ManageSubscriptionsTests */,
				68D954E52A7221FE0096D15A /* ManageSubscriptionsUITests */,
			);
		};
/* End PBXProject section */

/* Begin PBXResourcesBuildPhase section */
		68D954C92A7221FD0096D15A /* Resources */ = {
			isa = PBXResourcesBuildPhase;
			buildActionMask = 2147483647;
			files = (
				68469A232A74622E002116FC /* categories-simple-test-data.json in Resources */,
				68469A182A735E38002116FC /* user-categories.json in Resources */,
				68469A042A731544002116FC /* videos-api.json in Resources */,
				68D955162A7240570096D15A /* categories.json in Resources */,
				68D955202A724EA50096D15A /* subscription-api.json in Resources */,
				68469A1A2A735F69002116FC /* user-categories-template.json in Resources */,
				68469A162A734182002116FC /* subscription-api-backup.json in Resources */,
				68D954D72A7221FE0096D15A /* Preview Assets.xcassets in Resources */,
				68D954D32A7221FE0096D15A /* Assets.xcassets in Resources */,
				68D955222A72556A0096D15A /* categories copy.json in Resources */,
			);
			runOnlyForDeploymentPostprocessing = 0;
		};
		68D954DA2A7221FE0096D15A /* Resources */ = {
			isa = PBXResourcesBuildPhase;
			buildActionMask = 2147483647;
			files = (
			);
			runOnlyForDeploymentPostprocessing = 0;
		};
		68D954E42A7221FE0096D15A /* Resources */ = {
			isa = PBXResourcesBuildPhase;
			buildActionMask = 2147483647;
			files = (
			);
			runOnlyForDeploymentPostprocessing = 0;
		};
/* End PBXResourcesBuildPhase section */

/* Begin PBXSourcesBuildPhase section */
		68D954C72A7221FD0096D15A /* Sources */ = {
			isa = PBXSourcesBuildPhase;
			buildActionMask = 2147483647;
			files = (
				6803739E2A78E43400AB108E /* Subscription+CoreDataClass.swift in Sources */,
				680373A12A78E6CB00AB108E /* CategoryContentView.swift in Sources */,
				68D9550B2A722A6D0096D15A /* UserProfileView.swift in Sources */,
				6803739D2A78E43400AB108E /* Category+CoreDataProperties.swift in Sources */,
				68469A252A74ADE0002116FC /* AddSubsToCategory.swift in Sources */,
				68469A0E2A731704002116FC /* SubscriptionListView.swift in Sources */,
				68D9551B2A72417E0096D15A /* CategoryModel.swift in Sources */,
				68D955182A7241460096D15A /* CodableBundleExtension.swift in Sources */,
				68469A0C2A731681002116FC /* CatgegorySubscriptionView.swift in Sources */,
				68469A132A7322D1002116FC /* VideoListItemView.swift in Sources */,
				68D9550D2A722A820096D15A /* MainView.swift in Sources */,
				68D955052A722A3C0096D15A /* CategoriesView.swift in Sources */,
				68DB12C52A79C4F500A11F76 /* CommonFunctions.swift in Sources */,
				68469A112A732022002116FC /* VideoItemView.swift in Sources */,
				68D955132A723EA30096D15A /* Color.swift in Sources */,
				68D955072A722A490096D15A /* VideosView.swift in Sources */,
				680373882A78E17200AB108E /* DataController.swift in Sources */,
				68D955272A7303220096D15A /* CategoryCoverItemView.swift in Sources */,
				68469A092A731612002116FC /* YTSubscriptions.swift in Sources */,
				68D955102A723D180096D15A /* CategoryCoverImageView.swift in Sources */,
				68469A072A7315C3002116FC /* YTVideosSearch.swift in Sources */,
				68D954D12A7221FD0096D15A /* ContentView.swift in Sources */,
				6803739F2A78E43400AB108E /* Subscription+CoreDataProperties.swift in Sources */,
				68D955092A722A620096D15A /* SettingsView.swift in Sources */,
				68D9551E2A7246690096D15A /* CategoryItemView.swift in Sources */,
				68D955032A722A1E0096D15A /* SubscriptionsView.swift in Sources */,
				68D955252A72FE960096D15A /* SubscriptionItemView.swift in Sources */,
				6803738E2A78E31400AB108E /* MetaData.xcdatamodeld in Sources */,
				6803739C2A78E43400AB108E /* Category+CoreDataClass.swift in Sources */,
				68D954CF2A7221FD0096D15A /* ManageSubscriptionsApp.swift in Sources */,
			);
			runOnlyForDeploymentPostprocessing = 0;
		};
		68D954D82A7221FE0096D15A /* Sources */ = {
			isa = PBXSourcesBuildPhase;
			buildActionMask = 2147483647;
			files = (
				68D954E12A7221FE0096D15A /* ManageSubscriptionsTests.swift in Sources */,
			);
			runOnlyForDeploymentPostprocessing = 0;
		};
		68D954E22A7221FE0096D15A /* Sources */ = {
			isa = PBXSourcesBuildPhase;
			buildActionMask = 2147483647;
			files = (
				68D954ED2A7221FE0096D15A /* ManageSubscriptionsUITestsLaunchTests.swift in Sources */,
				68D954EB2A7221FE0096D15A /* ManageSubscriptionsUITests.swift in Sources */,
			);
			runOnlyForDeploymentPostprocessing = 0;
		};
/* End PBXSourcesBuildPhase section */

/* Begin PBXTargetDependency section */
		68D954DE2A7221FE0096D15A /* PBXTargetDependency */ = {
			isa = PBXTargetDependency;
			target = 68D954CA2A7221FD0096D15A /* ManageSubscriptions */;
			targetProxy = 68D954DD2A7221FE0096D15A /* PBXContainerItemProxy */;
		};
		68D954E82A7221FE0096D15A /* PBXTargetDependency */ = {
			isa = PBXTargetDependency;
			target = 68D954CA2A7221FD0096D15A /* ManageSubscriptions */;
			targetProxy = 68D954E72A7221FE0096D15A /* PBXContainerItemProxy */;
		};
/* End PBXTargetDependency section */

/* Begin XCBuildConfiguration section */
		68D954EE2A7221FE0096D15A /* Debug */ = {
			isa = XCBuildConfiguration;
			buildSettings = {
				ALWAYS_SEARCH_USER_PATHS = NO;
				CLANG_ANALYZER_NONNULL = YES;
				CLANG_ANALYZER_NUMBER_OBJECT_CONVERSION = YES_AGGRESSIVE;
				CLANG_CXX_LANGUAGE_STANDARD = "gnu++20";
				CLANG_ENABLE_MODULES = YES;
				CLANG_ENABLE_OBJC_ARC = YES;
				CLANG_ENABLE_OBJC_WEAK = YES;
				CLANG_WARN_BLOCK_CAPTURE_AUTORELEASING = YES;
				CLANG_WARN_BOOL_CONVERSION = YES;
				CLANG_WARN_COMMA = YES;
				CLANG_WARN_CONSTANT_CONVERSION = YES;
				CLANG_WARN_DEPRECATED_OBJC_IMPLEMENTATIONS = YES;
				CLANG_WARN_DIRECT_OBJC_ISA_USAGE = YES_ERROR;
				CLANG_WARN_DOCUMENTATION_COMMENTS = YES;
				CLANG_WARN_EMPTY_BODY = YES;
				CLANG_WARN_ENUM_CONVERSION = YES;
				CLANG_WARN_INFINITE_RECURSION = YES;
				CLANG_WARN_INT_CONVERSION = YES;
				CLANG_WARN_NON_LITERAL_NULL_CONVERSION = YES;
				CLANG_WARN_OBJC_IMPLICIT_RETAIN_SELF = YES;
				CLANG_WARN_OBJC_LITERAL_CONVERSION = YES;
				CLANG_WARN_OBJC_ROOT_CLASS = YES_ERROR;
				CLANG_WARN_QUOTED_INCLUDE_IN_FRAMEWORK_HEADER = YES;
				CLANG_WARN_RANGE_LOOP_ANALYSIS = YES;
				CLANG_WARN_STRICT_PROTOTYPES = YES;
				CLANG_WARN_SUSPICIOUS_MOVE = YES;
				CLANG_WARN_UNGUARDED_AVAILABILITY = YES_AGGRESSIVE;
				CLANG_WARN_UNREACHABLE_CODE = YES;
				CLANG_WARN__DUPLICATE_METHOD_MATCH = YES;
				COPY_PHASE_STRIP = NO;
				DEBUG_INFORMATION_FORMAT = dwarf;
				ENABLE_STRICT_OBJC_MSGSEND = YES;
				ENABLE_TESTABILITY = YES;
				GCC_C_LANGUAGE_STANDARD = gnu11;
				GCC_DYNAMIC_NO_PIC = NO;
				GCC_NO_COMMON_BLOCKS = YES;
				GCC_OPTIMIZATION_LEVEL = 0;
				GCC_PREPROCESSOR_DEFINITIONS = (
					"DEBUG=1",
					"$(inherited)",
				);
				GCC_WARN_64_TO_32_BIT_CONVERSION = YES;
				GCC_WARN_ABOUT_RETURN_TYPE = YES_ERROR;
				GCC_WARN_UNDECLARED_SELECTOR = YES;
				GCC_WARN_UNINITIALIZED_AUTOS = YES_AGGRESSIVE;
				GCC_WARN_UNUSED_FUNCTION = YES;
				GCC_WARN_UNUSED_VARIABLE = YES;
				MTL_ENABLE_DEBUG_INFO = INCLUDE_SOURCE;
				MTL_FAST_MATH = YES;
				ONLY_ACTIVE_ARCH = YES;
				SWIFT_ACTIVE_COMPILATION_CONDITIONS = DEBUG;
				SWIFT_OPTIMIZATION_LEVEL = "-Onone";
			};
			name = Debug;
		};
		68D954EF2A7221FE0096D15A /* Release */ = {
			isa = XCBuildConfiguration;
			buildSettings = {
				ALWAYS_SEARCH_USER_PATHS = NO;
				CLANG_ANALYZER_NONNULL = YES;
				CLANG_ANALYZER_NUMBER_OBJECT_CONVERSION = YES_AGGRESSIVE;
				CLANG_CXX_LANGUAGE_STANDARD = "gnu++20";
				CLANG_ENABLE_MODULES = YES;
				CLANG_ENABLE_OBJC_ARC = YES;
				CLANG_ENABLE_OBJC_WEAK = YES;
				CLANG_WARN_BLOCK_CAPTURE_AUTORELEASING = YES;
				CLANG_WARN_BOOL_CONVERSION = YES;
				CLANG_WARN_COMMA = YES;
				CLANG_WARN_CONSTANT_CONVERSION = YES;
				CLANG_WARN_DEPRECATED_OBJC_IMPLEMENTATIONS = YES;
				CLANG_WARN_DIRECT_OBJC_ISA_USAGE = YES_ERROR;
				CLANG_WARN_DOCUMENTATION_COMMENTS = YES;
				CLANG_WARN_EMPTY_BODY = YES;
				CLANG_WARN_ENUM_CONVERSION = YES;
				CLANG_WARN_INFINITE_RECURSION = YES;
				CLANG_WARN_INT_CONVERSION = YES;
				CLANG_WARN_NON_LITERAL_NULL_CONVERSION = YES;
				CLANG_WARN_OBJC_IMPLICIT_RETAIN_SELF = YES;
				CLANG_WARN_OBJC_LITERAL_CONVERSION = YES;
				CLANG_WARN_OBJC_ROOT_CLASS = YES_ERROR;
				CLANG_WARN_QUOTED_INCLUDE_IN_FRAMEWORK_HEADER = YES;
				CLANG_WARN_RANGE_LOOP_ANALYSIS = YES;
				CLANG_WARN_STRICT_PROTOTYPES = YES;
				CLANG_WARN_SUSPICIOUS_MOVE = YES;
				CLANG_WARN_UNGUARDED_AVAILABILITY = YES_AGGRESSIVE;
				CLANG_WARN_UNREACHABLE_CODE = YES;
				CLANG_WARN__DUPLICATE_METHOD_MATCH = YES;
				COPY_PHASE_STRIP = NO;
				DEBUG_INFORMATION_FORMAT = "dwarf-with-dsym";
				ENABLE_NS_ASSERTIONS = NO;
				ENABLE_STRICT_OBJC_MSGSEND = YES;
				GCC_C_LANGUAGE_STANDARD = gnu11;
				GCC_NO_COMMON_BLOCKS = YES;
				GCC_WARN_64_TO_32_BIT_CONVERSION = YES;
				GCC_WARN_ABOUT_RETURN_TYPE = YES_ERROR;
				GCC_WARN_UNDECLARED_SELECTOR = YES;
				GCC_WARN_UNINITIALIZED_AUTOS = YES_AGGRESSIVE;
				GCC_WARN_UNUSED_FUNCTION = YES;
				GCC_WARN_UNUSED_VARIABLE = YES;
				MTL_ENABLE_DEBUG_INFO = NO;
				MTL_FAST_MATH = YES;
				SWIFT_COMPILATION_MODE = wholemodule;
				SWIFT_OPTIMIZATION_LEVEL = "-O";
			};
			name = Release;
		};
		68D954F12A7221FE0096D15A /* Debug */ = {
			isa = XCBuildConfiguration;
			buildSettings = {
				ASSETCATALOG_COMPILER_APPICON_NAME = AppIcon;
				ASSETCATALOG_COMPILER_GLOBAL_ACCENT_COLOR_NAME = AccentColor;
				CODE_SIGN_ENTITLEMENTS = ManageSubscriptions/ManageSubscriptions.entitlements;
				CODE_SIGN_STYLE = Automatic;
				CURRENT_PROJECT_VERSION = 1;
				DEVELOPMENT_ASSET_PATHS = "\"ManageSubscriptions/Preview Content\"";
				DEVELOPMENT_TEAM = ETFMZLGGZT;
				ENABLE_HARDENED_RUNTIME = YES;
				ENABLE_PREVIEWS = YES;
				GENERATE_INFOPLIST_FILE = YES;
				INFOPLIST_FILE = ManageSubscriptions/Info.plist;
				"INFOPLIST_KEY_UIApplicationSceneManifest_Generation[sdk=iphoneos*]" = YES;
				"INFOPLIST_KEY_UIApplicationSceneManifest_Generation[sdk=iphonesimulator*]" = YES;
				"INFOPLIST_KEY_UIApplicationSupportsIndirectInputEvents[sdk=iphoneos*]" = YES;
				"INFOPLIST_KEY_UIApplicationSupportsIndirectInputEvents[sdk=iphonesimulator*]" = YES;
				"INFOPLIST_KEY_UILaunchScreen_Generation[sdk=iphoneos*]" = YES;
				"INFOPLIST_KEY_UILaunchScreen_Generation[sdk=iphonesimulator*]" = YES;
				"INFOPLIST_KEY_UIStatusBarStyle[sdk=iphoneos*]" = UIStatusBarStyleDefault;
				"INFOPLIST_KEY_UIStatusBarStyle[sdk=iphonesimulator*]" = UIStatusBarStyleDefault;
				INFOPLIST_KEY_UISupportedInterfaceOrientations_iPad = "UIInterfaceOrientationPortrait UIInterfaceOrientationPortraitUpsideDown UIInterfaceOrientationLandscapeLeft UIInterfaceOrientationLandscapeRight";
				INFOPLIST_KEY_UISupportedInterfaceOrientations_iPhone = "UIInterfaceOrientationPortrait UIInterfaceOrientationLandscapeLeft UIInterfaceOrientationLandscapeRight";
				INFOPLIST_KEY_UIUserInterfaceStyle = Dark;
				IPHONEOS_DEPLOYMENT_TARGET = 16.2;
				LD_RUNPATH_SEARCH_PATHS = "@executable_path/Frameworks";
				"LD_RUNPATH_SEARCH_PATHS[sdk=macosx*]" = "@executable_path/../Frameworks";
				MACOSX_DEPLOYMENT_TARGET = 12.5;
				MARKETING_VERSION = 1.0;
				PRODUCT_BUNDLE_IDENTIFIER = org.pnaf.ManageSubscriptions;
				PRODUCT_NAME = "$(TARGET_NAME)";
				SDKROOT = auto;
				SUPPORTED_PLATFORMS = "iphoneos iphonesimulator macosx";
				SWIFT_EMIT_LOC_STRINGS = YES;
				SWIFT_VERSION = 5.0;
				TARGETED_DEVICE_FAMILY = "1,2";
			};
			name = Debug;
		};
		68D954F22A7221FE0096D15A /* Release */ = {
			isa = XCBuildConfiguration;
			buildSettings = {
				ASSETCATALOG_COMPILER_APPICON_NAME = AppIcon;
				ASSETCATALOG_COMPILER_GLOBAL_ACCENT_COLOR_NAME = AccentColor;
				CODE_SIGN_ENTITLEMENTS = ManageSubscriptions/ManageSubscriptions.entitlements;
				CODE_SIGN_STYLE = Automatic;
				CURRENT_PROJECT_VERSION = 1;
				DEVELOPMENT_ASSET_PATHS = "\"ManageSubscriptions/Preview Content\"";
				DEVELOPMENT_TEAM = ETFMZLGGZT;
				ENABLE_HARDENED_RUNTIME = YES;
				ENABLE_PREVIEWS = YES;
				GENERATE_INFOPLIST_FILE = YES;
				INFOPLIST_FILE = ManageSubscriptions/Info.plist;
				"INFOPLIST_KEY_UIApplicationSceneManifest_Generation[sdk=iphoneos*]" = YES;
				"INFOPLIST_KEY_UIApplicationSceneManifest_Generation[sdk=iphonesimulator*]" = YES;
				"INFOPLIST_KEY_UIApplicationSupportsIndirectInputEvents[sdk=iphoneos*]" = YES;
				"INFOPLIST_KEY_UIApplicationSupportsIndirectInputEvents[sdk=iphonesimulator*]" = YES;
				"INFOPLIST_KEY_UILaunchScreen_Generation[sdk=iphoneos*]" = YES;
				"INFOPLIST_KEY_UILaunchScreen_Generation[sdk=iphonesimulator*]" = YES;
				"INFOPLIST_KEY_UIStatusBarStyle[sdk=iphoneos*]" = UIStatusBarStyleDefault;
				"INFOPLIST_KEY_UIStatusBarStyle[sdk=iphonesimulator*]" = UIStatusBarStyleDefault;
				INFOPLIST_KEY_UISupportedInterfaceOrientations_iPad = "UIInterfaceOrientationPortrait UIInterfaceOrientationPortraitUpsideDown UIInterfaceOrientationLandscapeLeft UIInterfaceOrientationLandscapeRight";
				INFOPLIST_KEY_UISupportedInterfaceOrientations_iPhone = "UIInterfaceOrientationPortrait UIInterfaceOrientationLandscapeLeft UIInterfaceOrientationLandscapeRight";
				INFOPLIST_KEY_UIUserInterfaceStyle = Dark;
				IPHONEOS_DEPLOYMENT_TARGET = 16.2;
				LD_RUNPATH_SEARCH_PATHS = "@executable_path/Frameworks";
				"LD_RUNPATH_SEARCH_PATHS[sdk=macosx*]" = "@executable_path/../Frameworks";
				MACOSX_DEPLOYMENT_TARGET = 12.5;
				MARKETING_VERSION = 1.0;
				PRODUCT_BUNDLE_IDENTIFIER = org.pnaf.ManageSubscriptions;
				PRODUCT_NAME = "$(TARGET_NAME)";
				SDKROOT = auto;
				SUPPORTED_PLATFORMS = "iphoneos iphonesimulator macosx";
				SWIFT_EMIT_LOC_STRINGS = YES;
				SWIFT_VERSION = 5.0;
				TARGETED_DEVICE_FAMILY = "1,2";
			};
			name = Release;
		};
		68D954F42A7221FE0096D15A /* Debug */ = {
			isa = XCBuildConfiguration;
			buildSettings = {
				ALWAYS_EMBED_SWIFT_STANDARD_LIBRARIES = YES;
				BUNDLE_LOADER = "$(TEST_HOST)";
				CODE_SIGN_STYLE = Automatic;
				CURRENT_PROJECT_VERSION = 1;
				DEVELOPMENT_TEAM = ETFMZLGGZT;
				GENERATE_INFOPLIST_FILE = YES;
				IPHONEOS_DEPLOYMENT_TARGET = 16.2;
				MACOSX_DEPLOYMENT_TARGET = 12.5;
				MARKETING_VERSION = 1.0;
				PRODUCT_BUNDLE_IDENTIFIER = org.pnaf.ManageSubscriptionsTests;
				PRODUCT_NAME = "$(TARGET_NAME)";
				SDKROOT = auto;
				SUPPORTED_PLATFORMS = "iphoneos iphonesimulator macosx";
				SWIFT_EMIT_LOC_STRINGS = NO;
				SWIFT_VERSION = 5.0;
				TARGETED_DEVICE_FAMILY = "1,2";
				TEST_HOST = "$(BUILT_PRODUCTS_DIR)/ManageSubscriptions.app/$(BUNDLE_EXECUTABLE_FOLDER_PATH)/ManageSubscriptions";
			};
			name = Debug;
		};
		68D954F52A7221FE0096D15A /* Release */ = {
			isa = XCBuildConfiguration;
			buildSettings = {
				ALWAYS_EMBED_SWIFT_STANDARD_LIBRARIES = YES;
				BUNDLE_LOADER = "$(TEST_HOST)";
				CODE_SIGN_STYLE = Automatic;
				CURRENT_PROJECT_VERSION = 1;
				DEVELOPMENT_TEAM = ETFMZLGGZT;
				GENERATE_INFOPLIST_FILE = YES;
				IPHONEOS_DEPLOYMENT_TARGET = 16.2;
				MACOSX_DEPLOYMENT_TARGET = 12.5;
				MARKETING_VERSION = 1.0;
				PRODUCT_BUNDLE_IDENTIFIER = org.pnaf.ManageSubscriptionsTests;
				PRODUCT_NAME = "$(TARGET_NAME)";
				SDKROOT = auto;
				SUPPORTED_PLATFORMS = "iphoneos iphonesimulator macosx";
				SWIFT_EMIT_LOC_STRINGS = NO;
				SWIFT_VERSION = 5.0;
				TARGETED_DEVICE_FAMILY = "1,2";
				TEST_HOST = "$(BUILT_PRODUCTS_DIR)/ManageSubscriptions.app/$(BUNDLE_EXECUTABLE_FOLDER_PATH)/ManageSubscriptions";
			};
			name = Release;
		};
		68D954F72A7221FE0096D15A /* Debug */ = {
			isa = XCBuildConfiguration;
			buildSettings = {
				ALWAYS_EMBED_SWIFT_STANDARD_LIBRARIES = YES;
				CODE_SIGN_STYLE = Automatic;
				CURRENT_PROJECT_VERSION = 1;
				DEVELOPMENT_TEAM = ETFMZLGGZT;
				GENERATE_INFOPLIST_FILE = YES;
				IPHONEOS_DEPLOYMENT_TARGET = 16.2;
				MACOSX_DEPLOYMENT_TARGET = 12.5;
				MARKETING_VERSION = 1.0;
				PRODUCT_BUNDLE_IDENTIFIER = org.pnaf.ManageSubscriptionsUITests;
				PRODUCT_NAME = "$(TARGET_NAME)";
				SDKROOT = auto;
				SUPPORTED_PLATFORMS = "iphoneos iphonesimulator macosx";
				SWIFT_EMIT_LOC_STRINGS = NO;
				SWIFT_VERSION = 5.0;
				TARGETED_DEVICE_FAMILY = "1,2";
				TEST_TARGET_NAME = ManageSubscriptions;
			};
			name = Debug;
		};
		68D954F82A7221FE0096D15A /* Release */ = {
			isa = XCBuildConfiguration;
			buildSettings = {
				ALWAYS_EMBED_SWIFT_STANDARD_LIBRARIES = YES;
				CODE_SIGN_STYLE = Automatic;
				CURRENT_PROJECT_VERSION = 1;
				DEVELOPMENT_TEAM = ETFMZLGGZT;
				GENERATE_INFOPLIST_FILE = YES;
				IPHONEOS_DEPLOYMENT_TARGET = 16.2;
				MACOSX_DEPLOYMENT_TARGET = 12.5;
				MARKETING_VERSION = 1.0;
				PRODUCT_BUNDLE_IDENTIFIER = org.pnaf.ManageSubscriptionsUITests;
				PRODUCT_NAME = "$(TARGET_NAME)";
				SDKROOT = auto;
				SUPPORTED_PLATFORMS = "iphoneos iphonesimulator macosx";
				SWIFT_EMIT_LOC_STRINGS = NO;
				SWIFT_VERSION = 5.0;
				TARGETED_DEVICE_FAMILY = "1,2";
				TEST_TARGET_NAME = ManageSubscriptions;
			};
			name = Release;
		};
/* End XCBuildConfiguration section */

/* Begin XCConfigurationList section */
		68D954C62A7221FD0096D15A /* Build configuration list for PBXProject "ManageSubscriptions" */ = {
			isa = XCConfigurationList;
			buildConfigurations = (
				68D954EE2A7221FE0096D15A /* Debug */,
				68D954EF2A7221FE0096D15A /* Release */,
			);
			defaultConfigurationIsVisible = 0;
			defaultConfigurationName = Release;
		};
		68D954F02A7221FE0096D15A /* Build configuration list for PBXNativeTarget "ManageSubscriptions" */ = {
			isa = XCConfigurationList;
			buildConfigurations = (
				68D954F12A7221FE0096D15A /* Debug */,
				68D954F22A7221FE0096D15A /* Release */,
			);
			defaultConfigurationIsVisible = 0;
			defaultConfigurationName = Release;
		};
		68D954F32A7221FE0096D15A /* Build configuration list for PBXNativeTarget "ManageSubscriptionsTests" */ = {
			isa = XCConfigurationList;
			buildConfigurations = (
				68D954F42A7221FE0096D15A /* Debug */,
				68D954F52A7221FE0096D15A /* Release */,
			);
			defaultConfigurationIsVisible = 0;
			defaultConfigurationName = Release;
		};
		68D954F62A7221FE0096D15A /* Build configuration list for PBXNativeTarget "ManageSubscriptionsUITests" */ = {
			isa = XCConfigurationList;
			buildConfigurations = (
				68D954F72A7221FE0096D15A /* Debug */,
				68D954F82A7221FE0096D15A /* Release */,
			);
			defaultConfigurationIsVisible = 0;
			defaultConfigurationName = Release;
		};
/* End XCConfigurationList section */

/* Begin XCVersionGroup section */
		6803738C2A78E31400AB108E /* MetaData.xcdatamodeld */ = {
			isa = XCVersionGroup;
			children = (
				6803738D2A78E31400AB108E /* MetaData.xcdatamodel */,
			);
			currentVersion = 6803738D2A78E31400AB108E /* MetaData.xcdatamodel */;
			path = MetaData.xcdatamodeld;
			sourceTree = "<group>";
			versionGroupType = wrapper.xcdatamodel;
		};
/* End XCVersionGroup section */
	};
	rootObject = 68D954C32A7221FD0096D15A /* Project object */;
}
